Microsoft Visual Studio Solution File, Format Version 12.00
# Visual Studio Version 17
VisualStudioVersion = 17.5.2.0
MinimumVisualStudioVersion = 10.0.40219.1
Project("{FAE04EC0-301F-11D3-BF4B-00C04F79EFBC}") = "exercise.webapi", "exercise.webapi.csproj", "{3310F463-23AE-12F4-FF92-A2ADB93AE39C}"
EndProject
Global
	GlobalSection(SolutionConfigurationPlatforms) = preSolution
		Debug|Any CPU = Debug|Any CPU
		Release|Any CPU = Release|Any CPU
	EndGlobalSection
	GlobalSection(ProjectConfigurationPlatforms) = postSolution
		{3310F463-23AE-12F4-FF92-A2ADB93AE39C}.Debug|Any CPU.ActiveCfg = Debug|Any CPU
		{3310F463-23AE-12F4-FF92-A2ADB93AE39C}.Debug|Any CPU.Build.0 = Debug|Any CPU
		{3310F463-23AE-12F4-FF92-A2ADB93AE39C}.Release|Any CPU.ActiveCfg = Release|Any CPU
		{3310F463-23AE-12F4-FF92-A2ADB93AE39C}.Release|Any CPU.Build.0 = Release|Any CPU
	EndGlobalSection
	GlobalSection(SolutionProperties) = preSolution
		HideSolutionNode = FALSE
	EndGlobalSection
	GlobalSection(ExtensibilityGlobals) = postSolution
		SolutionGuid = {B8072D74-FE64-4A62-B5FD-779AD35875D6}
	EndGlobalSection
EndGlobal
